
Microsoft Visual Studio Solution File, Format Version 12.00
# Visual Studio Version 17
VisualStudioVersion = 17.10.34916.146
MinimumVisualStudioVersion = 10.0.40219.1
Project("{FAE04EC0-301F-11D3-BF4B-00C04F79EFBC}") = "HeavenlyDemonParser", "HeavenlyDemonParser\HeavenlyDemonParser.csproj", "{803AB710-C55F-4EC5-BE86-D86C03CC18EF}"
EndProject
Global
	GlobalSection(SolutionConfigurationPlatforms) = preSolution
		Debug|Any CPU = Debug|Any CPU
		Release|Any CPU = Release|Any CPU
	EndGlobalSection
	GlobalSection(ProjectConfigurationPlatforms) = postSolution
		{803AB710-C55F-4EC5-BE86-D86C03CC18EF}.Debug|Any CPU.ActiveCfg = Debug|Any CPU
		{803AB710-C55F-4EC5-BE86-D86C03CC18EF}.Debug|Any CPU.Build.0 = Debug|Any CPU
		{803AB710-C55F-4EC5-BE86-D86C03CC18EF}.Release|Any CPU.ActiveCfg = Release|Any CPU
		{803AB710-C55F-4EC5-BE86-D86C03CC18EF}.Release|Any CPU.Build.0 = Release|Any CPU
	EndGlobalSection
	GlobalSection(SolutionProperties) = preSolution
		HideSolutionNode = FALSE
	EndGlobalSection
	GlobalSection(ExtensibilityGlobals) = postSolution
		SolutionGuid = {63E34C95-4A90-408B-BAD8-B21FEB0B8348}
	EndGlobalSection
EndGlobal
